
Microsoft Visual Studio Solution File, Format Version 12.00
# Visual Studio 15
VisualStudioVersion = 15.0.28307.329
MinimumVisualStudioVersion = 10.0.40219.1
Project("{FAE04EC0-301F-11D3-BF4B-00C04F79EFBC}") = "RS232_TEST", "RS232_TEST\RS232_TEST.csproj", "{0016C796-0F0B-45B3-9A28-75FFF2E2A51E}"
EndProject
Global
	GlobalSection(SolutionConfigurationPlatforms) = preSolution
		Debug|Any CPU = Debug|Any CPU
		Release|Any CPU = Release|Any CPU
	EndGlobalSection
	GlobalSection(ProjectConfigurationPlatforms) = postSolution
		{0016C796-0F0B-45B3-9A28-75FFF2E2A51E}.Debug|Any CPU.ActiveCfg = Debug|Any CPU
		{0016C796-0F0B-45B3-9A28-75FFF2E2A51E}.Debug|Any CPU.Build.0 = Debug|Any CPU
		{0016C796-0F0B-45B3-9A28-75FFF2E2A51E}.Release|Any CPU.ActiveCfg = Release|Any CPU
		{0016C796-0F0B-45B3-9A28-75FFF2E2A51E}.Release|Any CPU.Build.0 = Release|Any CPU
	EndGlobalSection
	GlobalSection(SolutionProperties) = preSolution
		HideSolutionNode = FALSE
	EndGlobalSection
	GlobalSection(ExtensibilityGlobals) = postSolution
		SolutionGuid = {9EE92A13-8948-4F1E-AF10-0D7E80B463D7}
	EndGlobalSection
EndGlobal
