
Microsoft Visual Studio Solution File, Format Version 12.00
# Visual Studio Version 16
VisualStudioVersion = 16.0.30717.126
MinimumVisualStudioVersion = 10.0.40219.1
Project("{FAE04EC0-301F-11D3-BF4B-00C04F79EFBC}") = "TCPserver_TEST", "TCPserver_TEST\TCPserver_TEST.csproj", "{8C5C24CC-9AC0-4A9C-809D-B3C17E1677AF}"
EndProject
Global
	GlobalSection(SolutionConfigurationPlatforms) = preSolution
		Debug|Any CPU = Debug|Any CPU
		Release|Any CPU = Release|Any CPU
	EndGlobalSection
	GlobalSection(ProjectConfigurationPlatforms) = postSolution
		{8C5C24CC-9AC0-4A9C-809D-B3C17E1677AF}.Debug|Any CPU.ActiveCfg = Debug|Any CPU
		{8C5C24CC-9AC0-4A9C-809D-B3C17E1677AF}.Debug|Any CPU.Build.0 = Debug|Any CPU
		{8C5C24CC-9AC0-4A9C-809D-B3C17E1677AF}.Release|Any CPU.ActiveCfg = Release|Any CPU
		{8C5C24CC-9AC0-4A9C-809D-B3C17E1677AF}.Release|Any CPU.Build.0 = Release|Any CPU
	EndGlobalSection
	GlobalSection(SolutionProperties) = preSolution
		HideSolutionNode = FALSE
	EndGlobalSection
	GlobalSection(ExtensibilityGlobals) = postSolution
		SolutionGuid = {19E4E184-B3F5-414D-9F12-59A990AB7DA6}
	EndGlobalSection
EndGlobal
